
Microsoft Visual Studio Solution File, Format Version 12.00
# Visual Studio Version 16
VisualStudioVersion = 16.0.31205.134
MinimumVisualStudioVersion = 10.0.40219.1
Project("{2150E333-8FDC-42A3-9474-1A3956D46DE8}") = "auto descargador", "auto descargador", "{E2A0A344-DCB4-481A-87A6-9612485E6C67}"
EndProject
Project("{FAE04EC0-301F-11D3-BF4B-00C04F79EFBC}") = "auto descargador", "auto descargador\auto descargador.csproj", "{4918D638-338F-4C54-956D-2CA51C03EED7}"
EndProject
Global
	GlobalSection(SolutionConfigurationPlatforms) = preSolution
		Debug|Any CPU = Debug|Any CPU
		Release|Any CPU = Release|Any CPU
	EndGlobalSection
	GlobalSection(ProjectConfigurationPlatforms) = postSolution
		{4918D638-338F-4C54-956D-2CA51C03EED7}.Debug|Any CPU.ActiveCfg = Debug|Any CPU
		{4918D638-338F-4C54-956D-2CA51C03EED7}.Debug|Any CPU.Build.0 = Debug|Any CPU
		{4918D638-338F-4C54-956D-2CA51C03EED7}.Release|Any CPU.ActiveCfg = Release|Any CPU
		{4918D638-338F-4C54-956D-2CA51C03EED7}.Release|Any CPU.Build.0 = Release|Any CPU
	EndGlobalSection
	GlobalSection(SolutionProperties) = preSolution
		HideSolutionNode = FALSE
	EndGlobalSection
	GlobalSection(NestedProjects) = preSolution
		{4918D638-338F-4C54-956D-2CA51C03EED7} = {E2A0A344-DCB4-481A-87A6-9612485E6C67}
	EndGlobalSection
	GlobalSection(ExtensibilityGlobals) = postSolution
		SolutionGuid = {8125A6DB-2E32-4B4A-8838-6E42A18B5F1D}
	EndGlobalSection
EndGlobal
